<?xml version="1.0" encoding="utf-8"?>
<Project ToolsVersion="4.0" xmlns="http://schemas.microsoft.com/developer/msbuild/2003">
  <ItemGroup>
    <Filter Include="Header Files">
      <UniqueIdentifier>{93995380-89BD-4b04-88EB-625FBE52EBFB}</UniqueIdentifier>
      <Extensions>h;hpp;hxx;hm;inl;inc;xsd</Extensions>
    </Filter>
    <Filter Include="Resource Files">
      <UniqueIdentifier>{67DA6AB6-F800-4c08-8B7A-83BB121AAD01}</UniqueIdentifier>
      <Extensions>rc;ico;cur;bmp;dlg;rc2;rct;bin;rgs;gif;jpg;jpeg;jpe;resx;tiff;tif;png;wav;mfcribbon-ms</Extensions>
    </Filter>
    <Filter Include="Header Files\Core">
      <UniqueIdentifier>{36844a26-3d55-47df-b555-58436549de3a}</UniqueIdentifier>
    </Filter>
    <Filter Include="Header Files\CPU">
      <UniqueIdentifier>{95a81590-3249-4076-a84d-e3660821a46a}</UniqueIdentifier>
    </Filter>
    <Filter Include="Source Files">
      <UniqueIdentifier>{4FC737F1-C7A5-4376-A066-2A32D752A2FF}</UniqueIdentifier>
      <Extensions>cpp;c;cc;cxx;def;odl;idl;hpj;bat;asm;asmx</Extensions>
    </Filter>
    <Filter Include="Source Files\Core">
      <UniqueIdentifier>{d0a20168-e1a0-4605-8588-ac070f94b2db}</UniqueIdentifier>
    </Filter>
    <Filter Include="Source Files\CPU">
      <UniqueIdentifier>{b6a5a770-f6c5-413b-9f14-3a943be6be6e}</UniqueIdentifier>
    </Filter>
  </ItemGroup>
  <ItemGroup>
    <ClCompile Include="main.cpp">
      <Filter>Source Files</Filter>
    </ClCompile>
    <ClCompile Include="input.cpp">
      <Filter>Source Files</Filter>
    </ClCompile>
    <ClCompile Include="video.cpp">
      <Filter>Source Files</Filter>
    </ClCompile>
    <ClCompile Include="video_directx.cpp">
      <Filter>Source Files</Filter>
    </ClCompile>
    <ClCompile Include="sound_directx.cpp">
      <Filter>Source Files</Filter>
    </ClCompile>
    <ClCompile Include="input_directx.cpp">
      <Filter>Source Files</Filter>
    </ClCompile>
    <ClCompile Include="..\core\flash.cpp">
      <Filter>Source Files\Core</Filter>
    </ClCompile>
    <ClCompile Include="winsound.cpp">
      <Filter>Source Files</Filter>
    </ClCompile>
    <ClCompile Include="..\cpu\z80.cpp">
      <Filter>Source Files\CPU</Filter>
    </ClCompile>
    <ClCompile Include="..\cpu\tlcs900h.cpp">
      <Filter>Source Files\CPU</Filter>
    </ClCompile>
    <ClCompile Include="..\core\sound.cpp">
      <Filter>Source Files\Core</Filter>
    </ClCompile>
    <ClCompile Include="..\core\graphics.cpp">
      <Filter>Source Files\Core</Filter>
    </ClCompile>
    <ClCompile Include="..\core\log.cpp">
      <Filter>Source Files\Core</Filter>
    </ClCompile>
    <ClCompile Include="..\core\memory.cpp">
      <Filter>Source Files\Core</Filter>
    </ClCompile>
    <ClCompile Include="..\core\neogpc.cpp">
      <Filter>Source Files\Core</Filter>
    </ClCompile>
    <ClCompile Include="..\core\neopopsound.cpp">
      <Filter>Source Files\Core</Filter>
    </ClCompile>
    <ClCompile Include="windebugger.cpp">
      <Filter>Source Files</Filter>
    </ClCompile>
    <ClCompile Include="..\cpu\tlcs900hdebugger.cpp">
      <Filter>Source Files\CPU</Filter>
    </ClCompile>
    <ClCompile Include="debugger.cpp">
      <Filter>Source Files</Filter>
    </ClCompile>
  </ItemGroup>
  <ItemGroup>
    <ClInclude Include="video.h">
      <Filter>Header Files</Filter>
    </ClInclude>
    <ClInclude Include="input.h">
      <Filter>Header Files</Filter>
    </ClInclude>
    <ClInclude Include="sound_directx.h">
      <Filter>Header Files</Filter>
    </ClInclude>
    <ClInclude Include="input_directx.h">
      <Filter>Header Files</Filter>
    </ClInclude>
    <ClInclude Include="..\core\neogpc.h">
      <Filter>Header Files\Core</Filter>
    </ClInclude>
    <ClInclude Include="..\core\memory.h">
      <Filter>Header Files\Core</Filter>
    </ClInclude>
    <ClInclude Include="..\core\flash.h">
      <Filter>Header Files\Core</Filter>
    </ClInclude>
    <ClInclude Include="..\core\log.h">
      <Filter>Header Files\Core</Filter>
    </ClInclude>
    <ClInclude Include="..\cpu\tlcs900h.h">
      <Filter>Header Files\CPU</Filter>
    </ClInclude>
    <ClInclude Include="..\core\sound.h">
      <Filter>Header Files\Core</Filter>
    </ClInclude>
    <ClInclude Include="winsound.h">
      <Filter>Header Files</Filter>
    </ClInclude>
    <ClInclude Include="..\cpu\z80.h">
      <Filter>Header Files\CPU</Filter>
    </ClInclude>
    <ClInclude Include="..\core\graphics.h">
      <Filter>Header Files\Core</Filter>
    </ClInclude>
    <ClInclude Include="video_directx.h">
      <Filter>Header Files</Filter>
    </ClInclude>
    <ClInclude Include="..\core\neopopsound.h">
      <Filter>Header Files\Core</Filter>
    </ClInclude>
    <ClInclude Include="ini.h">
      <Filter>Header Files</Filter>
    </ClInclude>
    <ClInclude Include="resource.h">
      <Filter>Header Files</Filter>
    </ClInclude>
    <ClInclude Include="windebugger.h">
      <Filter>Header Files</Filter>
    </ClInclude>
    <ClInclude Include="..\cpu\tlcs900hdebugger.h">
      <Filter>Header Files\CPU</Filter>
    </ClInclude>
    <ClInclude Include="debugger.h">
      <Filter>Header Files</Filter>
    </ClInclude>
  </ItemGroup>
  <ItemGroup>
    <ResourceCompile Include="NeoGPC.rc">
      <Filter>Resource Files</Filter>
    </ResourceCompile>
  </ItemGroup>
</Project>